
Microsoft Visual Studio Solution File, Format Version 12.00
# Visual Studio 14
VisualStudioVersion = 14.0.22823.1
MinimumVisualStudioVersion = 10.0.40219.1
Project("{FAE04EC0-301F-11D3-BF4B-00C04F79EFBC}") = "RestAPI", "RestAPI\RestAPI.csproj", "{E5ECD945-0170-4198-BEC7-C6F9E08A8B7F}"
EndProject
Project("{FAE04EC0-301F-11D3-BF4B-00C04F79EFBC}") = "Core", "Core\Core.csproj", "{30C76C3A-43D4-46BA-8214-DD4DA5E2C2DC}"
EndProject
Project("{FAE04EC0-301F-11D3-BF4B-00C04F79EFBC}") = "Core.Tests", "Core.Tests\Core.Tests.csproj", "{DED11CF3-31CC-4F99-A275-9D97C03850F5}"
EndProject
Project("{FAE04EC0-301F-11D3-BF4B-00C04F79EFBC}") = "RestAPI.Tests", "RestAPI.Tests\RestAPI.Tests.csproj", "{61926397-4865-4288-B54F-654F19DA5AE0}"
EndProject
Global
	GlobalSection(SolutionConfigurationPlatforms) = preSolution
		Debug|Any CPU = Debug|Any CPU
		Release|Any CPU = Release|Any CPU
	EndGlobalSection
	GlobalSection(ProjectConfigurationPlatforms) = postSolution
		{E5ECD945-0170-4198-BEC7-C6F9E08A8B7F}.Debug|Any CPU.ActiveCfg = Debug|Any CPU
		{E5ECD945-0170-4198-BEC7-C6F9E08A8B7F}.Debug|Any CPU.Build.0 = Debug|Any CPU
		{E5ECD945-0170-4198-BEC7-C6F9E08A8B7F}.Release|Any CPU.ActiveCfg = Release|Any CPU
		{E5ECD945-0170-4198-BEC7-C6F9E08A8B7F}.Release|Any CPU.Build.0 = Release|Any CPU
		{30C76C3A-43D4-46BA-8214-DD4DA5E2C2DC}.Debug|Any CPU.ActiveCfg = Debug|Any CPU
		{30C76C3A-43D4-46BA-8214-DD4DA5E2C2DC}.Debug|Any CPU.Build.0 = Debug|Any CPU
		{30C76C3A-43D4-46BA-8214-DD4DA5E2C2DC}.Release|Any CPU.ActiveCfg = Release|Any CPU
		{30C76C3A-43D4-46BA-8214-DD4DA5E2C2DC}.Release|Any CPU.Build.0 = Release|Any CPU
		{DED11CF3-31CC-4F99-A275-9D97C03850F5}.Debug|Any CPU.ActiveCfg = Debug|Any CPU
		{DED11CF3-31CC-4F99-A275-9D97C03850F5}.Debug|Any CPU.Build.0 = Debug|Any CPU
		{DED11CF3-31CC-4F99-A275-9D97C03850F5}.Release|Any CPU.ActiveCfg = Release|Any CPU
		{DED11CF3-31CC-4F99-A275-9D97C03850F5}.Release|Any CPU.Build.0 = Release|Any CPU
		{61926397-4865-4288-B54F-654F19DA5AE0}.Debug|Any CPU.ActiveCfg = Debug|Any CPU
		{61926397-4865-4288-B54F-654F19DA5AE0}.Debug|Any CPU.Build.0 = Debug|Any CPU
		{61926397-4865-4288-B54F-654F19DA5AE0}.Release|Any CPU.ActiveCfg = Release|Any CPU
		{61926397-4865-4288-B54F-654F19DA5AE0}.Release|Any CPU.Build.0 = Release|Any CPU
	EndGlobalSection
	GlobalSection(SolutionProperties) = preSolution
		HideSolutionNode = FALSE
	EndGlobalSection
EndGlobal
